// !$*UTF8*$!
{
	archiveVersion = 1;
	classes = {
	};
	objectVersion = 46;
	objects = {

/* Begin PBXBuildFile section */
		FF1E5CB5255808EC00BDB125 /* AppDelegate.swift in Sources */ = {isa = PBXBuildFile; fileRef = FF1E5CB4255808EC00BDB125 /* AppDelegate.swift */; };
		FF1E5CB7255808EC00BDB125 /* ViewController.swift in Sources */ = {isa = PBXBuildFile; fileRef = FF1E5CB6255808EC00BDB125 /* ViewController.swift */; };
		FF1E5CBA255808EC00BDB125 /* Main.storyboard in Resources */ = {isa = PBXBuildFile; fileRef = FF1E5CB8255808EC00BDB125 /* Main.storyboard */; };
		FF1E5CBC255808EC00BDB125 /* Assets.xcassets in Resources */ = {isa = PBXBuildFile; fileRef = FF1E5CBB255808EC00BDB125 /* Assets.xcassets */; };
		FF1E5CBF255808EC00BDB125 /* LaunchScreen.storyboard in Resources */ = {isa = PBXBuildFile; fileRef = FF1E5CBD255808EC00BDB125 /* LaunchScreen.storyboard */; };
/* End PBXBuildFile section */

/* Begin PBXFileReference section */
		FF1E5CB1255808EC00BDB125 /* Food Pin.app */ = {isa = PBXFileReference; explicitFileType = wrapper.application; includeInIndex = 0; path = "Food Pin.app"; sourceTree = BUILT_PRODUCTS_DIR; };
		FF1E5CB4255808EC00BDB125 /* AppDelegate.swift */ = {isa = PBXFileReference; lastKnownFileType = sourcecode.swift; path = AppDelegate.swift; sourceTree = "<group>"; };
		FF1E5CB6255808EC00BDB125 /* ViewController.swift */ = {isa = PBXFileReference; lastKnownFileType = sourcecode.swift; path = ViewController.swift; sourceTree = "<group>"; };
		FF1E5CB9255808EC00BDB125 /* Base */ = {isa = PBXFileReference; lastKnownFileType = file.storyboard; name = Base; path = Base.lproj/Main.storyboard; sourceTree = "<group>"; };
		FF1E5CBB255808EC00BDB125 /* Assets.xcassets */ = {isa = PBXFileReference; lastKnownFileType = folder.assetcatalog; path = Assets.xcassets; sourceTree = "<group>"; };
		FF1E5CBE255808EC00BDB125 /* Base */ = {isa = PBXFileReference; lastKnownFileType = file.storyboard; name = Base; path = Base.lproj/LaunchScreen.storyboard; sourceTree = "<group>"; };
		FF1E5CC0255808EC00BDB125 /* Info.plist */ = {isa = PBXFileReference; lastKnownFileType = text.plist.xml; path = Info.plist; sourceTree = "<group>"; };
/* End PBXFileReference section */

/* Begin PBXFrameworksBuildPhase section */
		FF1E5CAE255808EC00BDB125 /* Frameworks */ = {
			isa = PBXFrameworksBuildPhase;
			buildActionMask = 2147483647;
			files = (
			);
			runOnlyForDeploymentPostprocessing = 0;
		};
/* End PBXFrameworksBuildPhase section */

/* Begin PBXGroup section */
		FF1E5CA8255808EC00BDB125 = {
			isa = PBXGroup;
			children = (
				FF1E5CB3255808EC00BDB125 /* Food Pin */,
				FF1E5CB2255808EC00BDB125 /* Products */,
			);
			sourceTree = "<group>";
		};
		FF1E5CB2255808EC00BDB125 /* Products */ = {
			isa = PBXGroup;
			children = (
				FF1E5CB1255808EC00BDB125 /* Food Pin.app */,
			);
			name = Products;
			sourceTree = "<group>";
		};
		FF1E5CB3255808EC00BDB125 /* Food Pin */ = {
			isa = PBXGroup;
			children = (
				FF1E5CB4255808EC00BDB125 /* AppDelegate.swift */,
				FF1E5CB6255808EC00BDB125 /* ViewController.swift */,
				FF1E5CB8255808EC00BDB125 /* Main.storyboard */,
				FF1E5CBB255808EC00BDB125 /* Assets.xcassets */,
				FF1E5CBD255808EC00BDB125 /* LaunchScreen.storyboard */,
				FF1E5CC0255808EC00BDB125 /* Info.plist */,
			);
			path = "Food Pin";
			sourceTree = "<group>";
		};
/* End PBXGroup section */

/* Begin PBXNativeTarget section */
		FF1E5CB0255808EC00BDB125 /* Food Pin */ = {
			isa = PBXNativeTarget;
			buildConfigurationList = FF1E5CC3255808EC00BDB125 /* Build configuration list for PBXNativeTarget "Food Pin" */;
			buildPhases = (
				FF1E5CAD255808EC00BDB125 /* Sources */,
				FF1E5CAE255808EC00BDB125 /* Frameworks */,
				FF1E5CAF255808EC00BDB125 /* Resources */,
			);
			buildRules = (
			);
			dependencies = (
			);
			name = "Food Pin";
			productName = "Food Pin";
			productReference = FF1E5CB1255808EC00BDB125 /* Food Pin.app */;
			productType = "com.apple.product-type.application";
		};
/* End PBXNativeTarget section */

/* Begin PBXProject section */
		FF1E5CA9255808EC00BDB125 /* Project object */ = {
			isa = PBXProject;
			attributes = {
				LastSwiftUpdateCheck = 0710;
				LastUpgradeCheck = 0710;
				ORGANIZATIONNAME = "Chawan Saeed";
				TargetAttributes = {
					FF1E5CB0255808EC00BDB125 = {
						CreatedOnToolsVersion = 7.1;
					};
				};
			};
			buildConfigurationList = FF1E5CAC255808EC00BDB125 /* Build configuration list for PBXProject "Food Pin" */;
			compatibilityVersion = "Xcode 3.2";
			developmentRegion = English;
			hasScannedForEncodings = 0;
			knownRegions = (
				en,
				Base,
			);
			mainGroup = FF1E5CA8255808EC00BDB125;
			productRefGroup = FF1E5CB2255808EC00BDB125 /* Products */;
			projectDirPath = "";
			projectRoot = "";
			targets = (
				FF1E5CB0255808EC00BDB125 /* Food Pin */,
			);
		};
/* End PBXProject section */

/* Begin PBXResourcesBuildPhase section */
		FF1E5CAF255808EC00BDB125 /* Resources */ = {
			isa = PBXResourcesBuildPhase;
			buildActionMask = 2147483647;
			files = (
				FF1E5CBF255808EC00BDB125 /* LaunchScreen.storyboard in Resources */,
				FF1E5CBC255808EC00BDB125 /* Assets.xcassets in Resources */,
				FF1E5CBA255808EC00BDB125 /* Main.storyboard in Resources */,
			);
			runOnlyForDeploymentPostprocessing = 0;
		};
/* End PBXResourcesBuildPhase section */

/* Begin PBXSourcesBuildPhase section */
		FF1E5CAD255808EC00BDB125 /* Sources */ = {
			isa = PBXSourcesBuildPhase;
			buildActionMask = 2147483647;
			files = (
				FF1E5CB7255808EC00BDB125 /* ViewController.swift in Sources */,
				FF1E5CB5255808EC00BDB125 /* AppDelegate.swift in Sources */,
			);
			runOnlyForDeploymentPostprocessing = 0;
		};
/* End PBXSourcesBuildPhase section */

/* Begin PBXVariantGroup section */
		FF1E5CB8255808EC00BDB125 /* Main.storyboard */ = {
			isa = PBXVariantGroup;
			children = (
				FF1E5CB9255808EC00BDB125 /* Base */,
			);
			name = Main.storyboard;
			sourceTree = "<group>";
		};
		FF1E5CBD255808EC00BDB125 /* LaunchScreen.storyboard */ = {
			isa = PBXVariantGroup;
			children = (
				FF1E5CBE255808EC00BDB125 /* Base */,
			);
			name = LaunchScreen.storyboard;
			sourceTree = "<group>";
		};
/* End PBXVariantGroup section */

/* Begin XCBuildConfiguration section */
		FF1E5CC1255808EC00BDB125 /* Debug */ = {
			isa = XCBuildConfiguration;
			buildSettings = {
				ALWAYS_SEARCH_USER_PATHS = NO;
				CLANG_CXX_LANGUAGE_STANDARD = "gnu++0x";
				CLANG_CXX_LIBRARY = "libc++";
				CLANG_ENABLE_MODULES = YES;
				CLANG_ENABLE_OBJC_ARC = YES;
				CLANG_WARN_BOOL_CONVERSION = YES;
				CLANG_WARN_CONSTANT_CONVERSION = YES;
				CLANG_WARN_DIRECT_OBJC_ISA_USAGE = YES_ERROR;
				CLANG_WARN_EMPTY_BODY = YES;
				CLANG_WARN_ENUM_CONVERSION = YES;
				CLANG_WARN_INT_CONVERSION = YES;
				CLANG_WARN_OBJC_ROOT_CLASS = YES_ERROR;
				CLANG_WARN_UNREACHABLE_CODE = YES;
				CLANG_WARN__DUPLICATE_METHOD_MATCH = YES;
				"CODE_SIGN_IDENTITY[sdk=iphoneos*]" = "iPhone Developer";
				COPY_PHASE_STRIP = NO;
				DEBUG_INFORMATION_FORMAT = dwarf;
				ENABLE_STRICT_OBJC_MSGSEND = YES;
				ENABLE_TESTABILITY = YES;
				GCC_C_LANGUAGE_STANDARD = gnu99;
				GCC_DYNAMIC_NO_PIC = NO;
				GCC_NO_COMMON_BLOCKS = YES;
				GCC_OPTIMIZATION_LEVEL = 0;
				GCC_PREPROCESSOR_DEFINITIONS = (
					"DEBUG=1",
					"$(inherited)",
				);
				GCC_WARN_64_TO_32_BIT_CONVERSION = YES;
				GCC_WARN_ABOUT_RETURN_TYPE = YES_ERROR;
				GCC_WARN_UNDECLARED_SELECTOR = YES;
				GCC_WARN_UNINITIALIZED_AUTOS = YES_AGGRESSIVE;
				GCC_WARN_UNUSED_FUNCTION = YES;
				GCC_WARN_UNUSED_VARIABLE = YES;
				IPHONEOS_DEPLOYMENT_TARGET = 9.1;
				MTL_ENABLE_DEBUG_INFO = YES;
				ONLY_ACTIVE_ARCH = YES;
				SDKROOT = iphoneos;
				SWIFT_OPTIMIZATION_LEVEL = "-Onone";
				TARGETED_DEVICE_FAMILY = "1,2";
			};
			name = Debug;
		};
		FF1E5CC2255808EC00BDB125 /* Release */ = {
			isa = XCBuildConfiguration;
			buildSettings = {
				ALWAYS_SEARCH_USER_PATHS = NO;
				CLANG_CXX_LANGUAGE_STANDARD = "gnu++0x";
				CLANG_CXX_LIBRARY = "libc++";
				CLANG_ENABLE_MODULES = YES;
				CLANG_ENABLE_OBJC_ARC = YES;
				CLANG_WARN_BOOL_CONVERSION = YES;
				CLANG_WARN_CONSTANT_CONVERSION = YES;
				CLANG_WARN_DIRECT_OBJC_ISA_USAGE = YES_ERROR;
				CLANG_WARN_EMPTY_BODY = YES;
				CLANG_WARN_ENUM_CONVERSION = YES;
				CLANG_WARN_INT_CONVERSION = YES;
				CLANG_WARN_OBJC_ROOT_CLASS = YES_ERROR;
				CLANG_WARN_UNREACHABLE_CODE = YES;
				CLANG_WARN__DUPLICATE_METHOD_MATCH = YES;
				"CODE_SIGN_IDENTITY[sdk=iphoneos*]" = "iPhone Developer";
				COPY_PHASE_STRIP = NO;
				DEBUG_INFORMATION_FORMAT = "dwarf-with-dsym";
				ENABLE_NS_ASSERTIONS = NO;
				ENABLE_STRICT_OBJC_MSGSEND = YES;
				GCC_C_LANGUAGE_STANDARD = gnu99;
				GCC_NO_COMMON_BLOCKS = YES;
				GCC_WARN_64_TO_32_BIT_CONVERSION = YES;
				GCC_WARN_ABOUT_RETURN_TYPE = YES_ERROR;
				GCC_WARN_UNDECLARED_SELECTOR = YES;
				GCC_WARN_UNINITIALIZED_AUTOS = YES_AGGRESSIVE;
				GCC_WARN_UNUSED_FUNCTION = YES;
				GCC_WARN_UNUSED_VARIABLE = YES;
				IPHONEOS_DEPLOYMENT_TARGET = 9.1;
				MTL_ENABLE_DEBUG_INFO = NO;
				SDKROOT = iphoneos;
				TARGETED_DEVICE_FAMILY = "1,2";
				VALIDATE_PRODUCT = YES;
			};
			name = Release;
		};
		FF1E5CC4255808EC00BDB125 /* Debug */ = {
			isa = XCBuildConfiguration;
			buildSettings = {
				ASSETCATALOG_COMPILER_APPICON_NAME = AppIcon;
				INFOPLIST_FILE = "Food Pin/Info.plist";
				LD_RUNPATH_SEARCH_PATHS = "$(inherited) @executable_path/Frameworks";
				PRODUCT_BUNDLE_IDENTIFIER = "chawan.saeed.Food-Pin";
				PRODUCT_NAME = "$(TARGET_NAME)";
			};
			name = Debug;
		};
		FF1E5CC5255808EC00BDB125 /* Release */ = {
			isa = XCBuildConfiguration;
			buildSettings = {
				ASSETCATALOG_COMPILER_APPICON_NAME = AppIcon;
				INFOPLIST_FILE = "Food Pin/Info.plist";
				LD_RUNPATH_SEARCH_PATHS = "$(inherited) @executable_path/Frameworks";
				PRODUCT_BUNDLE_IDENTIFIER = "chawan.saeed.Food-Pin";
				PRODUCT_NAME = "$(TARGET_NAME)";
			};
			name = Release;
		};
/* End XCBuildConfiguration section */

/* Begin XCConfigurationList section */
		FF1E5CAC255808EC00BDB125 /* Build configuration list for PBXProject "Food Pin" */ = {
			isa = XCConfigurationList;
			buildConfigurations = (
				FF1E5CC1255808EC00BDB125 /* Debug */,
				FF1E5CC2255808EC00BDB125 /* Release */,
			);
			defaultConfigurationIsVisible = 0;
			defaultConfigurationName = Release;
		};
		FF1E5CC3255808EC00BDB125 /* Build configuration list for PBXNativeTarget "Food Pin" */ = {
			isa = XCConfigurationList;
			buildConfigurations = (
				FF1E5CC4255808EC00BDB125 /* Debug */,
				FF1E5CC5255808EC00BDB125 /* Release */,
			);
			defaultConfigurationIsVisible = 0;
		};
/* End XCConfigurationList section */
	};
	rootObject = FF1E5CA9255808EC00BDB125 /* Project object */;
}
